
Microsoft Visual Studio Solution File, Format Version 12.00
# Visual Studio Version 16
VisualStudioVersion = 16.0.29503.13
MinimumVisualStudioVersion = 10.0.40219.1
Project("{FAE04EC0-301F-11D3-BF4B-00C04F79EFBC}") = "adventofcode2019-day1", "adventofcode2019-day1\adventofcode2019-day1.csproj", "{8EAA796F-7EFF-46D7-99CB-93E2BF0E4774}"
EndProject
Project("{FAE04EC0-301F-11D3-BF4B-00C04F79EFBC}") = "adventofcode2019-day1Tests", "adventofcode2019-day1Tests\adventofcode2019-day1Tests.csproj", "{F4E2FCA6-6EF7-4697-ACA2-7060DF670866}"
EndProject
Global
	GlobalSection(SolutionConfigurationPlatforms) = preSolution
		Debug|Any CPU = Debug|Any CPU
		Release|Any CPU = Release|Any CPU
	EndGlobalSection
	GlobalSection(ProjectConfigurationPlatforms) = postSolution
		{8EAA796F-7EFF-46D7-99CB-93E2BF0E4774}.Debug|Any CPU.ActiveCfg = Debug|Any CPU
		{8EAA796F-7EFF-46D7-99CB-93E2BF0E4774}.Debug|Any CPU.Build.0 = Debug|Any CPU
		{8EAA796F-7EFF-46D7-99CB-93E2BF0E4774}.Release|Any CPU.ActiveCfg = Release|Any CPU
		{8EAA796F-7EFF-46D7-99CB-93E2BF0E4774}.Release|Any CPU.Build.0 = Release|Any CPU
		{F4E2FCA6-6EF7-4697-ACA2-7060DF670866}.Debug|Any CPU.ActiveCfg = Debug|Any CPU
		{F4E2FCA6-6EF7-4697-ACA2-7060DF670866}.Debug|Any CPU.Build.0 = Debug|Any CPU
		{F4E2FCA6-6EF7-4697-ACA2-7060DF670866}.Release|Any CPU.ActiveCfg = Release|Any CPU
		{F4E2FCA6-6EF7-4697-ACA2-7060DF670866}.Release|Any CPU.Build.0 = Release|Any CPU
	EndGlobalSection
	GlobalSection(SolutionProperties) = preSolution
		HideSolutionNode = FALSE
	EndGlobalSection
	GlobalSection(ExtensibilityGlobals) = postSolution
		SolutionGuid = {BAD7EC52-9017-46FC-B758-98E2ADB88B43}
	EndGlobalSection
EndGlobal
